#MicroXplorer Configuration settings - do not modify
Mcu.Family=STM32G4
ProjectManager.MainLocation=Core/Src
SH.S_TIM4_CH2.ConfNb=1
USB_DEVICE.CLASS_NAME_FS=CDC
RCC.USART1Freq_Value=160000000
RCC.SAI1Freq_Value=160000000
RCC.CortexFreq_Value=160000000
ProjectManager.KeepUserCode=true
Mcu.UserName=STM32G441KBTx
TIM1.IPParameters=EncoderMode
TIM4.EncoderMode=TIM_ENCODERMODE_TI12
PA0.GPIO_Label=M1_PWM
TIM3.EncoderMode=TIM_ENCODERMODE_TI12
ProjectManager.functionlistsort=1-MX_GPIO_Init-GPIO-false-HAL-true,2-SystemClock_Config-RCC-false-HAL-false,3-MX_TIM1_Init-TIM1-false-HAL-true,4-MX_TIM2_Init-TIM2-false-HAL-true,5-MX_TIM3_Init-TIM3-false-HAL-true,6-MX_TIM4_Init-TIM4-false-HAL-true,7-MX_TIM15_Init-TIM15-false-HAL-true,8-MX_USB_Device_Init-USB_DEVICE-false-HAL-false,9-MX_TIM16_Init-TIM16-false-HAL-true
TIM1.EncoderMode=TIM_ENCODERMODE_TI12
PA11.Mode=Device
PA3.GPIOParameters=GPIO_Label
RCC.USART2Freq_Value=160000000
SH.S_TIM1_CH1.ConfNb=1
TIM2.Channel-PWM\ Generation2\ CH2=TIM_CHANNEL_2
PA2.GPIOParameters=GPIO_Label
PinOutPanel.RotationAngle=0
RCC.MCO1PinFreq_Value=16000000
RCC.SYSCLKSource=RCC_SYSCLKSOURCE_PLLCLK
ProjectManager.StackSize=0x400
SH.S_TIM15_CH2.0=TIM15_CH2,PWM Generation2 CH2
RCC.I2C3Freq_Value=160000000
RCC.LPTIM1Freq_Value=160000000
Mcu.IP4=TIM2
RCC.FCLKCortexFreq_Value=160000000
Mcu.IP5=TIM3
NVIC.SVCall_IRQn=true\:0\:0\:false\:false\:true\:false\:false
Mcu.IP2=SYS
Mcu.IP3=TIM1
Mcu.IP0=NVIC
Mcu.IP1=RCC
PA12.Signal=USB_DP
Mcu.UserConstants=
SH.S_TIM16_CH1.ConfNb=1
SH.S_TIM3_CH2.ConfNb=1
Mcu.ThirdPartyNb=0
RCC.HCLKFreq_Value=160000000
Mcu.IPNb=11
TIM2.IPParameters=Channel-PWM Generation1 CH1,Channel-PWM Generation2 CH2,Channel-PWM Generation3 CH3,PeriodNoDither
ProjectManager.PreviousToolchain=
RCC.APB2TimFreq_Value=160000000
PB6.Signal=S_TIM4_CH1
Mcu.Pin6=PA6
Mcu.Pin7=PA8
Mcu.Pin8=PA9
Mcu.Pin9=PA11
RCC.AHBFreq_Value=160000000
Mcu.Pin0=PA0
Mcu.Pin1=PA1
GPIO.groupedBy=Group By Peripherals
Mcu.Pin2=PA2
Mcu.Pin3=PA3
RCC.USART3Freq_Value=160000000
Mcu.Pin4=PA4
Mcu.Pin5=PA5
ProjectManager.ProjectBuild=false
RCC.HSE_VALUE=8000000
NVIC.UsageFault_IRQn=true\:0\:0\:false\:false\:true\:false\:false
NVIC.DebugMonitor_IRQn=true\:0\:0\:false\:false\:true\:false\:false
PA4.Locked=true
Mcu.IP10=USB_DEVICE
NVIC.SysTick_IRQn=true\:0\:0\:false\:false\:true\:false\:true
RCC.ADC12Freq_Value=160000000
ProjectManager.FirmwarePackage=STM32Cube FW_G4 V1.4.0
MxDb.Version=DB.6.0.21
TIM2.PeriodNoDither=65535
PA1.GPIOParameters=GPIO_Label
ProjectManager.BackupPrevious=false
RCC.VCOInputFreq_Value=16000000
TIM15.Channel-PWM\ Generation2\ CH2=TIM_CHANNEL_2
PA14.Mode=Serial_Wire
File.Version=6
VP_SYS_VS_DBSignals.Mode=DisableDeadBatterySignals
SH.S_TIM4_CH2.0=TIM4_CH2,Encoder_Interface
SH.S_TIM2_CH1.ConfNb=1
PB7.Signal=S_TIM4_CH2
PA8.Signal=S_TIM1_CH1
RCC.PLLRCLKFreq_Value=160000000
TIM2.Channel-PWM\ Generation1\ CH1=TIM_CHANNEL_1
NVIC.PendSV_IRQn=true\:0\:0\:false\:false\:true\:false\:false
SH.S_TIM3_CH1.0=TIM3_CH1,Encoder_Interface
ProjectManager.HalAssertFull=false
RCC.CRSFreq_Value=48000000
ProjectManager.ProjectName=picr21-team-BTS-mainboard-firmware
PA0.Signal=S_TIM2_CH1
Mcu.Package=LQFP32
PA6.Signal=GPIO_Output
PA5.Locked=true
ProjectManager.ToolChainLocation=
PA2.GPIO_Label=M3_PWM
RCC.LSI_VALUE=32000
VP_SYS_VS_Systick.Signal=SYS_VS_Systick
RCC.LSCOPinFreq_Value=32000
VP_USB_DEVICE_VS_USB_DEVICE_CDC_FS.Signal=USB_DEVICE_VS_USB_DEVICE_CDC_FS
NVIC.USB_LP_IRQn=true\:0\:0\:false\:false\:true\:false\:true
RCC.PLLPoutputFreq_Value=160000000
SH.S_TIM4_CH1.0=TIM4_CH1,Encoder_Interface
RCC.APB1TimFreq_Value=160000000
NVIC.BusFault_IRQn=true\:0\:0\:false\:false\:true\:false\:false
RCC.LPUART1Freq_Value=160000000
RCC.CK48CLockSelection=RCC_USBCLKSOURCE_HSI48
ProjectManager.CustomerFirmwarePackage=
RCC.HSI48_VALUE=48000000
PB4.Signal=S_TIM3_CH1
PA3.Signal=S_TIM15_CH2
SH.S_TIM4_CH1.ConfNb=1
RCC.I2SFreq_Value=160000000
RCC.PLLQoutputFreq_Value=160000000
ProjectManager.ProjectFileName=picr21-team-BTS-mainboard-firmware.ioc
SH.S_TIM2_CH1.0=TIM2_CH1,PWM Generation1 CH1
Mcu.PinsNb=22
ProjectManager.NoMain=false
USB_DEVICE.VirtualModeFS=Cdc_FS
RCC.EXTERNAL_CLOCK_VALUE=12288000
ProjectManager.DefaultFWLocation=true
SH.S_TIM16_CH1.0=TIM16_CH1,PWM Generation1 CH1
VP_TIM16_VS_ClockSourceINT.Mode=Enable_Timer
ProjectManager.DeletePrevious=true
USB_DEVICE.IPParameters=VirtualMode,VirtualModeFS,CLASS_NAME_FS
TIM16.Channel=TIM_CHANNEL_1
RCC.FamilyName=M
PB8-BOOT0.Locked=true
PA13.Signal=SYS_JTMS-SWDIO
SH.S_TIM2_CH2.0=TIM2_CH2,PWM Generation2 CH2
SH.S_TIM1_CH1.0=TIM1_CH1,Encoder_Interface
ProjectManager.TargetToolchain=STM32CubeIDE
TIM4.IPParameters=EncoderMode
VP_USB_DEVICE_VS_USB_DEVICE_CDC_FS.Mode=CDC_FS
PA9.Signal=S_TIM1_CH2
SH.S_TIM2_CH2.ConfNb=1
PB5.Locked=true
ProjectManager.RegisterCallBack=
RCC.USBFreq_Value=48000000
RCC.LSE_VALUE=32768
TIM15.IPParameters=Channel-PWM Generation2 CH2
PA1.Signal=S_TIM2_CH2
SH.S_TIM1_CH2.ConfNb=1
PA5.Signal=GPIO_Output
SH.S_TIM3_CH2.0=TIM3_CH2,Encoder_Interface
PB8-BOOT0.Signal=S_TIM16_CH1
board=custom
RCC.VCOOutputFreq_Value=320000000
ProjectManager.LastFirmware=true
SH.S_TIM15_CH2.ConfNb=1
RCC.APB2Freq_Value=160000000
RCC.UART4Freq_Value=160000000
MxCube.Version=6.2.1
RCC.I2C1Freq_Value=160000000
SH.S_TIM1_CH2.0=TIM1_CH2,Encoder_Interface
SH.S_TIM2_CH3.0=TIM2_CH3,PWM Generation3 CH3
VP_SYS_VS_DBSignals.Signal=SYS_VS_DBSignals
RCC.FDCANFreq_Value=160000000
RCC.RNGFreq_Value=48000000
PA1.GPIO_Label=M2_PWM
VP_SYS_VS_Systick.Mode=SysTick
TIM2.Channel-PWM\ Generation3\ CH3=TIM_CHANNEL_3
TIM3.IPParameters=EncoderMode
VP_TIM16_VS_ClockSourceINT.Signal=TIM16_VS_ClockSourceINT
NVIC.NonMaskableInt_IRQn=true\:0\:0\:false\:false\:true\:false\:false
SH.S_TIM2_CH3.ConfNb=1
PA13.Mode=Serial_Wire
ProjectManager.FreePins=false
RCC.IPParameters=ADC12Freq_Value,AHBFreq_Value,APB1Freq_Value,APB1TimFreq_Value,APB2Freq_Value,APB2TimFreq_Value,CK48CLockSelection,CRSFreq_Value,CortexFreq_Value,EXTERNAL_CLOCK_VALUE,FCLKCortexFreq_Value,FDCANFreq_Value,FamilyName,HCLKFreq_Value,HSE_VALUE,HSI48_VALUE,HSI_VALUE,I2C1Freq_Value,I2C2Freq_Value,I2C3Freq_Value,I2SFreq_Value,LPTIM1Freq_Value,LPUART1Freq_Value,LSCOPinFreq_Value,LSE_VALUE,LSI_VALUE,MCO1PinFreq_Value,PLLN,PLLPoutputFreq_Value,PLLQoutputFreq_Value,PLLRCLKFreq_Value,PWRFreq_Value,RNGFreq_Value,SAI1Freq_Value,SYSCLKFreq_VALUE,SYSCLKSource,UART4Freq_Value,USART1Freq_Value,USART2Freq_Value,USART3Freq_Value,USBFreq_Value,VCOInputFreq_Value,VCOOutputFreq_Value
ProjectManager.AskForMigrate=true
Mcu.Name=STM32G441KBTx
PA2.Signal=S_TIM2_CH3
ProjectManager.UnderRoot=true
Mcu.IP8=TIM16
Mcu.IP9=USB
Mcu.IP6=TIM4
Mcu.IP7=TIM15
ProjectManager.CoupleFile=false
PB4.Locked=true
PA4.Signal=GPIO_Output
RCC.SYSCLKFreq_VALUE=160000000
PB5.Signal=S_TIM3_CH2
Mcu.Pin20=VP_TIM16_VS_ClockSourceINT
Mcu.Pin21=VP_USB_DEVICE_VS_USB_DEVICE_CDC_FS
PA12.Mode=Device
NVIC.ForceEnableDMAVector=true
KeepUserPlacement=false
NVIC.MemoryManagement_IRQn=true\:0\:0\:false\:false\:true\:false\:false
ProjectManager.CompilerOptimize=6
PA11.Signal=USB_DM
PA14.Signal=SYS_JTCK-SWCLK
ProjectManager.HeapSize=0x200
PA0.GPIOParameters=GPIO_Label
Mcu.Pin15=PB6
NVIC.HardFault_IRQn=true\:0\:0\:false\:false\:true\:false\:false
Mcu.Pin16=PB7
Mcu.Pin13=PB4
Mcu.Pin14=PB5
Mcu.Pin19=VP_SYS_VS_DBSignals
SH.S_TIM3_CH1.ConfNb=1
ProjectManager.ComputerToolchain=false
Mcu.Pin17=PB8-BOOT0
RCC.HSI_VALUE=16000000
Mcu.Pin18=VP_SYS_VS_Systick
NVIC.PriorityGroup=NVIC_PRIORITYGROUP_4
Mcu.Pin11=PA13
Mcu.Pin12=PA14
RCC.PLLN=20
Mcu.Pin10=PA12
RCC.PWRFreq_Value=160000000
TIM16.IPParameters=Channel
RCC.I2C2Freq_Value=160000000
RCC.APB1Freq_Value=160000000
USB_DEVICE.VirtualMode=Cdc
ProjectManager.DeviceId=STM32G441KBTx
ProjectManager.LibraryCopy=1
PA3.GPIO_Label=THROWER_PWM
PA6.Locked=true
isbadioc=false
